# THIS IS AN AUTOGENERATED FILE. DO NOT EDIT THIS FILE DIRECTLY.
assets/admiral.png:
  master: 2017-12-31T18:51:36-05:00   f399a096a237661f7394d1bd9d9d9079
assets/app.js.liquid:
  master: 2017-10-28T00:58:48-04:00   6f2fdd58a5d667f1a218f35a4cbe22de
assets/army.png:
  master: 2017-10-28T00:58:05-04:00   9c000d0d15d578c61ee22c6f9cb19fe5
assets/beige-pineapple.png:
  master: 2017-10-28T00:58:08-04:00   1ae39c1c4a45278b9fee36b128d14102
assets/black-cat.png:
  master: 2017-12-31T18:51:37-05:00   85c6b808e9ca102f447bed84cd527b67
assets/blank.gif:
  master: 2017-08-03T23:12:25-04:00   325472601571f31e1bf00674c368d335
assets/blue-panda.png:
  master: 2017-12-31T18:51:38-05:00   580adb1cc690f95ef4d204051a206780
assets/brick.png:
  master: 2017-12-31T18:51:40-05:00   41935e2aa5b91760c64b4e21584ad2a6
assets/charcoal.png:
  master: 2017-12-31T18:51:42-05:00   e446b3fecddbd97dbb15540cad4030c5
assets/checkout.scss.liquid:
  master: 2017-08-08T11:43:25-04:00
assets/custom-styles.scss.liquid:
  master: 2017-12-17T12:33:51-05:00   04df30140485292936668cf507f575d3
assets/custom-table.scss.liquid:
  master: 2017-10-31T00:20:06-04:00   f20d0f033d1bfb90649bdde8c0a6e4bc
assets/dark-sky.png:
  master: 2017-12-31T18:51:43-05:00   1af68733a0a38a6d8f5e9f89d9bd7d19
assets/favicon.png:
  master: 2017-10-27T23:46:57-04:00   09ee278d4e958082dd3176249b69acab
assets/gift-card.scss.liquid:
  master: 2017-08-03T23:12:25-04:00   0f053b420a95d20a6d2ac9f7bba71fc6
assets/instantclick.min.js:
  master: 2017-08-03T23:12:25-04:00   f3a34f14d27ffe582930a7feacb526c2
assets/jquery.cart.min.js:
  master: 2017-08-03T23:12:25-04:00   86ea74fb021c3e0db8f78407bfb39827
assets/jquery.currencies.min.js:
  master: 2017-10-27T23:46:59-04:00   89f47c51b9facdf6cbd4faae804aaf45
assets/jquery.min.js:
  master: 2017-10-27T23:47:21-04:00   c9f5aeeca3ad37bf2aa006139b935f0a
assets/loader.gif:
  master: 2017-08-03T23:12:26-04:00   83bf5a8710c6400b53a6bff5b6805f69
assets/loader.js:
  master: 2017-10-27T23:47:09-04:00   17d9d38bdfa30bb7fadd350142b26239
assets/loader2x.gif:
  master: 2017-08-03T23:12:26-04:00   e8da93f2c76336139e692ae3ad5ed635
assets/magic-mint.png:
  master: 2018-01-05T07:49:57-05:00   8017a5b29a98dd2fc2f05d394f045dd3
assets/password-page-background.jpg:
  master: 2017-11-22T10:38:29-05:00   378fd6b54b75a7b9a3824771bbca6848
assets/paymentfont-webfont.eot:
  master: 2017-11-13T00:00:48-05:00   38394ca16133f78363850eb0ebc16c36
assets/paymentfont-webfont.svg:
  master: 2017-11-13T00:00:30-05:00   f7b79a3d76e79248879a74cd4fadbb14
assets/paymentfont-webfont.ttf:
  master: 2017-11-13T00:00:43-05:00   92d755b23dfbe5bd5ac566c8df9e7827
assets/paymentfont-webfont.woff:
  master: 2017-11-13T00:00:51-05:00   a984717a9f4ef00fa217fc58c3ff86a6
assets/paymentfont.scss.liquid:
  master: 2017-11-13T00:00:22-05:00   37d4829f230b551e832c95dde62bc1e0
assets/pewter.png:
  master: 2017-12-31T18:51:44-05:00   3227cfff79d771103e58027dd772eae7
assets/pink-panda.png:
  master: 2017-12-31T18:51:46-05:00   2ba1b3db142a591f9077e11c654efd16
assets/pinot.png:
  master: 2017-12-31T18:51:47-05:00   84e6ba7eef45b5bf2d25fbc255e78ff2
assets/product-description-tabs.js:
  master: 2017-08-27T03:22:45-04:00   0f42ac707413158aa9176365df050570
assets/select.png:
  master: 2017-10-28T00:58:10-04:00   751ec087263586633a4323ada41c8117
assets/select_light.png:
  master: 2017-10-28T00:58:11-04:00   030d81d6bbc2a1e099cde26cd97ba966
assets/sky-blue-flamingo.png:
  master: 2017-10-28T00:58:12-04:00   9a098dc974a493ed17405f48e903c00f
assets/sky-blue-strawberry.png:
  master: 2017-10-28T00:58:14-04:00   8fdd92e91e21b990486295c5f11b4272
assets/soldout.png:
  master: 2017-10-27T23:47:05-04:00   85ef3d9cbcaed17f18f2bcb2588ec66e
assets/styles.scss.liquid:
  master: 2017-10-27T23:47:12-04:00   009c4ca7f656d7a097fe07e659410404
assets/sweettooth.css.liquid:
  master: 2017-10-28T22:15:40-04:00
assets/turbo.eot:
  master: 2017-08-03T23:12:27-04:00   82e3ec9cc77712bde5b5eac0afe76730
assets/turbo.svg:
  master: 2017-10-27T23:47:23-04:00   cd8640463192cc88ec5d49e33dbf5a3d
assets/turbo.ttf:
  master: 2017-08-03T23:12:27-04:00   4a400c490abf18cb0985bd7bbbbda94a
assets/turbo.woff:
  master: 2017-08-03T23:12:27-04:00   e997b954186a87eab9019d844dcc9854
assets/vntsc.js:
  master: 2017-11-13T00:00:23-05:00   555c5fff9be35eaa54fa662837e1b596
assets/yellow-elephant.png:
  master: 2017-12-31T18:51:48-05:00   7bb8620df89eddc15a68a333ca0c05fd
config/settings_data.json:
  master: 2018-01-03T08:59:05-05:00   7f58a278e9e133260c1b4a585e81ed50
config/settings_schema.json:
  master: 2017-10-27T23:47:33-04:00   66f427699cd2908a31a70912e36692ba
layout/checkout.liquid:
  master: 2017-12-06T02:29:03-05:00   987b2f9af6a8a687b4f80263aa5dcddb
layout/theme.liquid:
  master: 2017-12-28T23:00:30-05:00   3ae4b8bd0368ddb630175fc4ddbebbc5
layout/theme.shogun.landing.liquid:
  master: 2017-11-19T23:59:51-05:00   bf733c0819892e17d4272ae2fa17a3dc
locales/de.json:
  master: 2017-08-05T02:48:10-04:00   002bd688d36be9063f12e586da378b30
locales/en.default.json:
  master: 2017-08-05T02:48:11-04:00   f1a6c7d614f9bb723625801d2b8a5d19
locales/es.json:
  master: 2017-08-05T02:48:11-04:00   225badb5f785253d5ee1980ef0f87d30
locales/fr.json:
  master: 2017-08-05T02:48:12-04:00   0f99cc6c0ad40070bbbaf66bc77db91b
locales/pt-BR.json:
  master: 2017-08-05T02:48:12-04:00   ddba9d0a4ab06e153bf800e53f4161d0
locales/pt-PT.json:
  master: 2017-08-05T02:48:50-04:00   2e90fc84fb321cbd8f9f613a04faae3d
locales/zh-CN.json:
  master: 2017-08-05T02:48:53-04:00   adbd9fad985b56b34f445f04f5083081
sections/article-template.liquid:
  master: 2017-10-27T23:46:12-04:00   9e97a379e13b6fefd9f1fc4e5c1902b4
sections/blog-template.liquid:
  master: 2017-10-27T23:46:07-04:00   a6a92be26a39f518c5f0684340737133
sections/cart-template.liquid:
  master: 2017-12-17T12:32:40-05:00   28c93de13998c2bcc594bc5a3df05e3f
sections/collection-list.liquid:
  master: 2017-10-27T23:45:51-04:00   7c85ec30c9a10acb04a65c0aada15ead
sections/collection-sub-collections-template.liquid:
  master: 2017-10-27T23:46:00-04:00   8e560520d9575b2b9833d69150ef068d
sections/collection-template.liquid:
  master: 2017-12-17T12:32:35-05:00   c4bf48a1b1ff500de3cb5de5c3332203
sections/contact-form.liquid:
  master: 2017-08-03T23:12:18-04:00   f4033f328c2e420b2f6fc20e67a6ddee
sections/contact-template.liquid:
  master: 2017-10-27T23:46:18-04:00   a34806db5c4a4f812cf387a95e5be021
sections/content-page.liquid:
  master: 2017-08-03T23:12:18-04:00   2248650930a05e65163c13c1f5eed36e
sections/featured-blog.liquid:
  master: 2017-10-27T23:46:10-04:00   00a683796450e8d275ebcce7a6e559b2
sections/featured-collection.liquid:
  master: 2017-10-27T23:45:54-04:00   bd26049af13740a3d2229ab41fad9682
sections/featured-products.liquid:
  master: 2017-10-27T23:46:04-04:00   cf8fb1a6e0ef207a85daa6c65feeb7cf
sections/featured-promotions.liquid:
  master: 2017-10-27T23:46:50-04:00   37535ade93026561e18551803181c947
sections/featured-text.liquid:
  master: 2017-10-27T23:46:49-04:00   50f6f64b8707e55218f6e979572659ed
sections/footer.liquid:
  master: 2017-11-13T01:45:43-05:00   fe3d68be44eeb6f7bbb71f14e7ac23d0
sections/gallery.liquid:
  master: 2017-10-27T23:46:46-04:00   274c912a001ccd292723a72879a5abfc
sections/header.liquid:
  master: 2017-12-28T23:01:09-05:00   1852d4eeac3cd5cfcb5fd41e4a578bd8
sections/image-text.liquid:
  master: 2017-10-27T23:46:02-04:00   8ebee18f3256225482e9cb5c33856346
sections/image-with-text-overlay.liquid:
  master: 2017-08-03T23:12:19-04:00   03948710a4a2845d0cfcd548a06a56fd
sections/list-collections-template.liquid:
  master: 2017-10-27T23:46:23-04:00   7b910b61df444b0a9515b8dc102dfe2b
sections/logo-bar.liquid:
  master: 2017-10-27T23:46:32-04:00   bc9188bc0a37cb7f2171bff776beb2d3
sections/map.liquid:
  master: 2017-10-27T23:46:44-04:00   6d93d0855e47ea9f2052558e003e8449
sections/mega-menu-1.liquid:
  master: 2017-08-03T23:12:19-04:00   7c91d8c3c4a052860bb1f9e5b4c466d3
sections/mega-menu-2.liquid:
  master: 2017-08-03T23:12:19-04:00   d658ecc77b5740524218212c964b6390
sections/mega-menu-3.liquid:
  master: 2017-08-03T23:12:19-04:00   c0464fe72c5f33059f270e8de865eb94
sections/mega-menu-4.liquid:
  master: 2017-08-03T23:12:20-04:00   6e271891b688d6b2c35d90dcb5feed46
sections/mega-menu-5.liquid:
  master: 2017-08-03T23:12:20-04:00   f1477b0b5065290b6b906dfcf7d282ed
sections/newsletter.liquid:
  master: 2017-08-03T23:12:20-04:00   534ad3997f7248c9b8d69854ae9d6434
sections/page-banner-template.liquid:
  master: 2017-10-27T23:46:28-04:00   7540f9bc1929cf75781afd03d1f7f2c4
sections/page-details-template.liquid:
  master: 2017-10-27T23:45:50-04:00   5e99ffcfa97b752aaf551afb873d5f74
sections/page-faq-template.liquid:
  master: 2017-10-27T23:46:35-04:00   e1d661e3c88e4d68bc2491046307b1f8
sections/page-gallery-template.liquid:
  master: 2017-10-27T23:46:01-04:00   e8130048d62963c91556f6db9d2f68e8
sections/page-sidebar-template.liquid:
  master: 2017-10-27T23:45:56-04:00   8f486fe790db7e05d5b7345c9db7fc95
sections/product-description-bottom-template.liquid:
  master: 2017-12-06T15:33:16-05:00   1067a4fc6e756ab99f5d2d3cb53338b4
sections/product-details-template.liquid:
  master: 2017-12-06T15:33:08-05:00   8e291e9280d2577009e7ef01c9edf808
sections/product-full-width-images-template.liquid:
  master: 2017-10-27T23:46:27-04:00   ea15a38e71aa2208a13d2f04252dd71a
sections/product-recently-viewed-template.liquid:
  master: 2017-08-03T23:12:21-04:00   7ce805cedbaa91ea188af641465732fd
sections/product-tabs-template.liquid:
  master: 2017-12-17T12:32:41-05:00   fe2666ae4a6308c5b995f0a3659507b3
sections/product-template.liquid:
  master: 2017-12-06T15:37:58-05:00   e539c93b835fbbfec8d81ddb32422970
sections/recently-viewed.liquid:
  master: 2017-10-27T23:46:25-04:00   4e7da2656cf6650ccf6242e7409b50e1
sections/search-section.liquid:
  master: 2017-12-28T23:01:16-05:00   072c2d33f580b36ab2d9296ecb4b5dc0
sections/search-template.liquid:
  master: 2017-12-28T23:01:12-05:00   7feb2a7fe971ee5b831c97a292ce6a21
sections/slideshow.liquid:
  master: 2017-10-27T23:46:20-04:00   8e206b97b2304f64ab418421cf1619c2
sections/social-feeds.liquid:
  master: 2017-10-27T23:45:48-04:00   951ba20e4a3366468bce1984c7699092
sections/sweettooth-rewards-button.liquid:
  master: 2017-10-28T22:15:08-04:00   1ae0f3a204aab45958076f85eca4e01e
sections/testimonial.liquid:
  master: 2017-10-27T23:46:14-04:00   8e4f3e181a15307b9d7c32372f4831c9
sections/text-columns-with-images.liquid:
  master: 2017-10-27T23:45:52-04:00   c62064da9063cbe65fcf230f4bb30a45
sections/video.liquid:
  master: 2017-10-27T23:46:11-04:00   9df88eab6cf3dd001f06e8fe859c4b2e
snippets/back-in-stock-helper.liquid:
  master: 2017-08-05T02:48:59-04:00   39d4ca6c91e9d4710eaff814870e69a9
snippets/blog-sidebar.liquid:
  master: 2017-10-27T23:45:03-04:00   91bf2184a4fa32ec7cfc85e49e448c5a
snippets/cart-shipping-calculator.liquid:
  master: 2017-08-03T23:12:28-04:00   0c992312778319e39a2b74586e4ab0e6
snippets/cart-shipping-scripts.liquid:
  master: 2017-08-03T23:12:28-04:00   12e5f3078d91c2fcf1a5118213eecbd1
snippets/collection-loop.liquid:
  master: 2017-10-27T23:44:44-04:00   fef9b6db815daba6fd12e3198e2a993e
snippets/collection-swatch.liquid:
  master: 2017-10-27T23:45:06-04:00   706f2fc0e07e31a2e84676da1dbd5993
snippets/currencies-switcher.liquid:
  master: 2017-08-03T23:12:28-04:00   a421123ab88e2257676698e928c5ec96
snippets/currencies.liquid:
  master: 2017-10-27T23:44:46-04:00   e0507f96d8ee7724b0c1f8c4ddfc4b2e
snippets/findify-script.liquid:
  master: 2017-11-22T10:45:17-05:00   7bfea8934c33da3baa3628ea449f96e9
snippets/findify-tagging.liquid:
  master: 2017-10-13T12:40:50-04:00   da464dc97b320e28aaa334293166b0be
snippets/gtm-body.liquid:
  master: 2017-08-05T23:47:37-04:00   fea7b6fe03f8b5ea3c3e2dbbdaa5d9a7
snippets/gtm-head.liquid:
  master: 2017-08-05T23:47:37-04:00   619f8225449112571ea505668da7243b
snippets/klaviyo-track-products.liquid:
  master: 2017-09-05T01:42:01-04:00   e240cc2ea6ce8e3033f8804bb7281075
snippets/menu.liquid:
  master: 2017-08-03T23:12:28-04:00   1d6510d32f98626c7f651b93a1bb370b
snippets/meta-head.liquid:
  master: 2017-11-28T02:59:38-05:00   474d4f1b9e668502ae6a19e9a96d2af3
snippets/mobile-menu.liquid:
  master: 2017-08-03T23:12:29-04:00   b37425bae528cc27dc7636eebaa1220a
snippets/newsletter-footer.liquid:
  master: 2017-08-05T02:48:04-04:00   845d4ad7c0c7c9ebf578986d3d7bdb62
snippets/newsletter-form.liquid:
  master: 2017-10-27T23:45:23-04:00   cd0143ac3bfa43c382be8447dca0f862
snippets/newsletter-popup-klaviyo.liquid:
  master: 2017-08-11T15:42:16-04:00   cfcd9711215802fc256dc336f1a6c807
snippets/page-multi-column.liquid:
  master: 2017-08-03T23:12:29-04:00   38d2921aab7365802beefae5b9e526d6
snippets/pagination.liquid:
  master: 2017-10-27T23:45:37-04:00   88aadd908fef489e6445d7ff26544309
snippets/popup-newsletter.liquid:
  master: 2017-08-03T23:12:29-04:00   3a8729c3c908a36eadd61ce45e2caf85
snippets/popup-quick-shop.liquid:
  master: 2017-08-03T23:12:29-04:00   bb34ef43abd4b31be25531de28618e49
snippets/popup-size-chart.liquid:
  master: 2017-08-03T23:12:29-04:00   4157a09f30c3a737e4f5322f397c44db
snippets/product-description-tabs.liquid:
  master: 2017-09-05T01:42:02-04:00   fd6f02685bb3b20e274e230250cd8e76
snippets/product-details.liquid:
  master: 2017-09-05T01:41:58-04:00   564d3f4585e0b97c6d618ff3daa02edb
snippets/product-form.liquid:
  master: 2017-12-06T02:29:05-05:00   fff0937414b2c5753d9a01843d2aef10
snippets/product-full.liquid:
  master: 2017-10-27T23:45:07-04:00   29108cda5acbab303af42a16d7c759a3
snippets/product-images.liquid:
  master: 2017-10-27T23:44:52-04:00   f29d8dec5e2fac202d3b6afbe808f365
snippets/product-info.liquid:
  master: 2017-10-27T23:45:25-04:00   91f7dfa183b95a3d1519e469658c8dd0
snippets/product-loop.liquid:
  master: 2017-10-27T23:44:50-04:00   b509c82d4a44101fd756669113faf64b
snippets/product-notify-me.liquid:
  master: 2017-10-25T00:59:15-04:00   0431205f5922eb73aac9c937948b78e4
snippets/product-slider.liquid:
  master: 2017-10-27T23:45:10-04:00   9f53ea5ccf0b77b1833a6af2904a90ae
snippets/product-swatch.liquid:
  master: 2017-09-05T01:42:03-04:00   ebab883f3c761df03969dbd5643d4948
snippets/product-thumbnail.liquid:
  master: 2017-10-27T23:45:04-04:00   a485d0bc1cb81f5e511eb0e36419e855
snippets/quick-shop-button.liquid:
  master: 2017-10-27T23:45:08-04:00   7a4ff8bf21b75d402ea4b20b20e5becb
snippets/recart-1.liquid:
  master: 2017-10-07T04:02:42-04:00   da8a4951546fbce022f1f2089ca3a2a8
snippets/recart-2.liquid:
  master: 2017-10-07T04:02:41-04:00   246fb5903d0628fe9d430f696d3316cf
snippets/recently-viewed-block.liquid:
  master: 2017-10-27T23:45:30-04:00   f802db787d1ab6cf2af975ebb88b924b
snippets/recently-viewed.liquid:
  master: 2017-10-27T23:45:12-04:00   ead53816084353a7646f6bebc8fd47b8
snippets/related-products.liquid:
  master: 2017-08-03T23:12:29-04:00   8fe14fe2bf1aade8da989bafbcc0127d
snippets/returns.liquid:
  master: 2017-08-07T00:38:10-04:00   76f03f844799950788f9a7d519d636f3
snippets/rewind_menu_backup_do_not_delete.liquid:
  master: 2017-11-22T10:38:26-05:00   a7fb4c8d41a06268d935349f71d7780d
snippets/sezzle-cart.liquid:
  master: 2017-12-17T12:30:50-05:00   2c709bd5b29a763296bc34a1e568527f
snippets/sezzle-product.liquid:
  master: 2017-12-17T12:31:26-05:00   fec2d5e756cf52a6e99010e81c8711a0
snippets/shipping.liquid:
  master: 2017-11-05T13:30:21-05:00   41f033291f696cc520293b6904604bc1
snippets/shogun-head.liquid:
  master: 2017-11-22T10:38:25-05:00   eed8814e95112d0583803a40a82eeace
snippets/sidebar.liquid:
  master: 2017-10-27T23:45:00-04:00   cca02cda4e112ff40f67a2ffb759aca4
snippets/smooch-body.liquid:
  master: 2017-12-17T12:31:41-05:00   11eedbe1d6d8d4a1a0bec0b8691f8461
snippets/smooch-head.liquid:
  master: 2017-11-12T23:59:34-05:00   c3651b80f51ce4ecea0bee88b1ba130a
snippets/social-buttons.liquid:
  master: 2017-08-03T23:12:30-04:00   b86fecf65d0806a9e361d520753fa0f2
snippets/social-icons.liquid:
  master: 2017-08-03T23:12:30-04:00   f7db0f4d1a0d1fd5166f2eb2e91db4c6
snippets/social-meta-info.liquid:
  master: 2017-08-03T23:12:30-04:00   60f58fb66cbe89a359ea353a5da209bc
snippets/stamped-reviews-collection-badges.liquid:
  master: 2017-09-17T04:37:57-04:00   2deccd0f5f32ea93b93fe7d8f0ee8a43
snippets/stamped-reviews-css-js.liquid:
  master: 2017-09-17T04:37:54-04:00   60d7d31d7411a5e953a597235fc2c952
snippets/stamped-reviews-product-badges.liquid:
  master: 2017-11-05T13:29:34-05:00   4ad1c77d7624b8a412545923f4396bcc
snippets/stamped-reviews-product-widget.liquid:
  master: 2017-09-17T04:37:55-04:00   795cd2f63ceac690fc53e29302eae788
snippets/sub-menu.liquid:
  master: 2017-08-03T23:12:30-04:00   ac7905d6032e72b22f3b81e7d765da2c
snippets/sweettooth-initializer.liquid:
  master: 2017-10-28T22:18:11-04:00   3d60f5245d672922e7c261e3c31a1c14
snippets/sweettooth-points-balance.liquid:
  master: 2017-10-31T00:18:11-04:00   5d574f6f5fe47c5f5ee0d8059f7ecce2
snippets/sweettooth-points-slider.liquid:
  master: 2017-11-11T03:11:16-05:00   40dc8b6bec48a6a996bc3b993c792102
snippets/sweettooth-rewards-button.liquid:
  master: 2017-10-31T00:18:03-04:00   abf85b7ef759c482bd91e72dce38e390
snippets/sweettooth-tab-widget.liquid:
  master: 2017-10-28T22:18:13-04:00   c334e0ce32bf52df0ccdce3a9460e166
snippets/tracking-body.liquid:
  master: 2017-10-07T04:02:45-04:00   b23615fe58ac009ecf0f0210fd5989bc
snippets/tracking-head.liquid:
  master: 2017-09-24T02:24:13-04:00   38cc053cd8e8485d0b3e5bd18b7fc3be
snippets/transportr.liquid:
  master: 2017-08-07T02:18:52-04:00   13c53e502ef8b02f8ad73e18c81eb4f8
snippets/vertical-menu.liquid:
  master: 2017-10-27T23:45:41-04:00   7eb8e877045d73f75616609f1fdae9d3
templates/404.liquid:
  master: 2017-11-26T23:59:30-05:00   9ed0abe72e26ea160602ff76d2439416
templates/article.liquid:
  master: 2017-08-03T23:12:30-04:00   08563437ca9c95766c220339923d2899
templates/blog.liquid:
  master: 2017-08-03T23:12:30-04:00   bd179039c27ce5491916345176d4d173
templates/cart.assets.liquid:
  master: 2017-08-03T23:12:30-04:00   948dccfe7f90849a7d43a36722ebc27a
templates/cart.liquid:
  master: 2017-09-05T01:42:18-04:00   bba3c715f8c51f0520b3bd1a49ca90dc
templates/cart.settings.liquid:
  master: 2017-08-03T23:12:30-04:00   0200f25c09983ad5d5183c737e89dfa1
templates/collection.liquid:
  master: 2017-08-03T23:12:30-04:00   f1cfa9fa0a88084d19c50ea943759817
templates/collection.sub-collections.liquid:
  master: 2017-08-03T23:12:30-04:00   f1a77a45fb9f72ebd76d90b7e648770d
templates/customers/account.liquid:
  master: 2017-10-28T22:16:41-04:00   5b550e85f1f80cbcf0b1b284c665aebd
templates/customers/activate_account.liquid:
  master: 2017-08-03T23:12:30-04:00   be3ff5f0c6460c2c6f036adf867ee047
templates/customers/addresses.liquid:
  master: 2017-08-03T23:12:30-04:00   6d7cdd87924c995c317714d25a72efc2
templates/customers/login.liquid:
  master: 2017-08-17T01:11:24-04:00   c42c5a6e704fd6642240cfc41e7e077a
templates/customers/order.liquid:
  master: 2017-08-03T23:12:30-04:00   3f818ed7d2fde386dc7b98916c06a18e
templates/customers/register.liquid:
  master: 2017-08-17T01:11:25-04:00   1a711d467c959ecc59cdb1e04809a8cd
templates/customers/reset_password.liquid:
  master: 2017-08-03T23:12:30-04:00   0ae8f50214b17b0690fccea2d5b9b945
templates/gift_card.liquid:
  master: 2017-08-03T23:12:30-04:00   832a6db65a6e98b0ce44bb381750cedd
templates/index.liquid:
  master: 2017-08-03T23:12:31-04:00   de8d9f3ffa3b54fda048c8897f3f94f0
templates/list-collections.liquid:
  master: 2017-08-03T23:12:31-04:00   6c951a94c4d7b8b9e36c0e655df45ed5
templates/page.banner.liquid:
  master: 2017-08-03T23:12:31-04:00   035a3299da6ab244fc1d2b8ef935d0bd
templates/page.contact.liquid:
  master: 2017-08-03T23:12:31-04:00   0d0d60a8f9f8ea9bfd213d74b668f297
templates/page.details.liquid:
  master: 2017-08-03T23:12:31-04:00   b76442952ffb97be2cd607b4aa41c1d9
templates/page.faq.liquid:
  master: 2017-10-27T23:48:18-04:00   bc00b003690e7dd3e39de76a4521bc60
templates/page.gallery.liquid:
  master: 2017-08-03T23:12:31-04:00   de3d838e3959ca6a0c00fee545f88b67
templates/page.liquid:
  master: 2017-08-03T23:12:31-04:00   71fc0f3f3a2acdffff251de39e1e2be4
templates/page.multi-column.liquid:
  master: 2017-08-03T23:12:31-04:00   a4fd11913ea3d87e7fd5eac1281e697e
templates/page.narrow.liquid:
  master: 2017-08-03T23:12:31-04:00   6d232baabba762fc25c9d11eda7c5277
templates/page.no-title.liquid:
  master: 2017-08-03T23:12:31-04:00   37ffe676264b8e93d65c15b4417ef12a
templates/page.rewind_menu_backup_do_not_delete.liquid:
  master: 2017-11-22T10:38:28-05:00   ef1023246c38cea6bbbca8171123b13f
templates/page.shogun.default.liquid:
  master: 2018-01-02T19:54:20-05:00   dcaeef3e92b9bfcdc144baa17175f283
templates/page.shogun.landing.liquid:
  master: 2017-10-15T15:50:37-04:00   681f7acd299e6ad6584d9c307e6dfc19
templates/page.sidebar.liquid:
  master: 2017-08-03T23:12:31-04:00   c345ec1667da8c9d43c58d4e9f8525f1
templates/password.liquid:
  master: 2017-10-27T23:47:46-04:00   737e114e61c19ed1a80a361b4a13568e
templates/product.description-bottom.liquid:
  master: 2017-08-03T23:12:31-04:00   957548f7d7a0ac12a2fba059d89ba6cc
templates/product.details.liquid:
  master: 2017-08-03T23:12:31-04:00   a0ce8c619b7804015ddf7d062b6ab8a2
templates/product.full-width-images.liquid:
  master: 2017-08-03T23:12:31-04:00   142f98b433e3b4929253e9a54747fa6c
templates/product.liquid:
  master: 2017-12-06T15:11:44-05:00   8dc0a5ff5551ec620d64c92ba21689d8
templates/product.rv.liquid:
  master: 2017-08-03T23:12:32-04:00   e5c5acbb51bb7dca03e714b96444bd01
templates/product.tabs.liquid:
  master: 2017-12-28T23:03:00-05:00   124ff3ae6c54c94565f624cac438efea
templates/search.liquid:
  master: 2017-08-03T23:12:32-04:00   f44fa003f48ebfc104ab0937b80b3a84
